
Microsoft Visual Studio Solution File, Format Version 12.00
# Visual Studio Version 17
VisualStudioVersion = 17.12.35707.178 d17.12
MinimumVisualStudioVersion = 10.0.40219.1
Project("{FAE04EC0-301F-11D3-BF4B-00C04F79EFBC}") = "OrderApi.Domain", "OrderApi.Domain\OrderApi.Domain.csproj", "{BE24EE3E-0B0A-4322-AC4D-8BEA1C985BE3}"
EndProject
Project("{FAE04EC0-301F-11D3-BF4B-00C04F79EFBC}") = "OrderApi.Application", "OrderApi.Application\OrderApi.Application.csproj", "{A066B7C2-8435-4269-AAC1-60A6F9CE27A8}"
EndProject
Project("{FAE04EC0-301F-11D3-BF4B-00C04F79EFBC}") = "OrderApi.Infrastructure", "OrderApi.Infrastructure\OrderApi.Infrastructure.csproj", "{D4F7BB9D-6949-43F9-9A5D-B4F64B182ECE}"
EndProject
Project("{FAE04EC0-301F-11D3-BF4B-00C04F79EFBC}") = "OrderApi.Presentation", "OrderApi.Presentation\OrderApi.Presentation.csproj", "{983B07AF-FFAE-4186-86F8-34C61A9F9BDB}"
EndProject
Project("{FAE04EC0-301F-11D3-BF4B-00C04F79EFBC}") = "ECommerce.SharedLibrary", "..\DemoECommerce.SharedLibrarySolution\ECommerce.SharedLibrary\ECommerce.SharedLibrary.csproj", "{2A212EF3-4B4D-4D42-B69F-D01D0FC15707}"
EndProject
Global
	GlobalSection(SolutionConfigurationPlatforms) = preSolution
		Debug|Any CPU = Debug|Any CPU
		Release|Any CPU = Release|Any CPU
	EndGlobalSection
	GlobalSection(ProjectConfigurationPlatforms) = postSolution
		{BE24EE3E-0B0A-4322-AC4D-8BEA1C985BE3}.Debug|Any CPU.ActiveCfg = Debug|Any CPU
		{BE24EE3E-0B0A-4322-AC4D-8BEA1C985BE3}.Debug|Any CPU.Build.0 = Debug|Any CPU
		{BE24EE3E-0B0A-4322-AC4D-8BEA1C985BE3}.Release|Any CPU.ActiveCfg = Release|Any CPU
		{BE24EE3E-0B0A-4322-AC4D-8BEA1C985BE3}.Release|Any CPU.Build.0 = Release|Any CPU
		{A066B7C2-8435-4269-AAC1-60A6F9CE27A8}.Debug|Any CPU.ActiveCfg = Debug|Any CPU
		{A066B7C2-8435-4269-AAC1-60A6F9CE27A8}.Debug|Any CPU.Build.0 = Debug|Any CPU
		{A066B7C2-8435-4269-AAC1-60A6F9CE27A8}.Release|Any CPU.ActiveCfg = Release|Any CPU
		{A066B7C2-8435-4269-AAC1-60A6F9CE27A8}.Release|Any CPU.Build.0 = Release|Any CPU
		{D4F7BB9D-6949-43F9-9A5D-B4F64B182ECE}.Debug|Any CPU.ActiveCfg = Debug|Any CPU
		{D4F7BB9D-6949-43F9-9A5D-B4F64B182ECE}.Debug|Any CPU.Build.0 = Debug|Any CPU
		{D4F7BB9D-6949-43F9-9A5D-B4F64B182ECE}.Release|Any CPU.ActiveCfg = Release|Any CPU
		{D4F7BB9D-6949-43F9-9A5D-B4F64B182ECE}.Release|Any CPU.Build.0 = Release|Any CPU
		{983B07AF-FFAE-4186-86F8-34C61A9F9BDB}.Debug|Any CPU.ActiveCfg = Debug|Any CPU
		{983B07AF-FFAE-4186-86F8-34C61A9F9BDB}.Debug|Any CPU.Build.0 = Debug|Any CPU
		{983B07AF-FFAE-4186-86F8-34C61A9F9BDB}.Release|Any CPU.ActiveCfg = Release|Any CPU
		{983B07AF-FFAE-4186-86F8-34C61A9F9BDB}.Release|Any CPU.Build.0 = Release|Any CPU
		{2A212EF3-4B4D-4D42-B69F-D01D0FC15707}.Debug|Any CPU.ActiveCfg = Debug|Any CPU
		{2A212EF3-4B4D-4D42-B69F-D01D0FC15707}.Debug|Any CPU.Build.0 = Debug|Any CPU
		{2A212EF3-4B4D-4D42-B69F-D01D0FC15707}.Release|Any CPU.ActiveCfg = Release|Any CPU
		{2A212EF3-4B4D-4D42-B69F-D01D0FC15707}.Release|Any CPU.Build.0 = Release|Any CPU
	EndGlobalSection
	GlobalSection(SolutionProperties) = preSolution
		HideSolutionNode = FALSE
	EndGlobalSection
EndGlobal
